// !$*UTF8*$!
{
	archiveVersion = 1;
	classes = {
	};
	objectVersion = 51;
	objects = {

/* Begin PBXBuildFile section */
		41B67474984B58E63D36E57D /* Pods_GBShop_GBShopUITests.framework in Frameworks */ = {isa = PBXBuildFile; fileRef = EA308B54D24D396A02C347B3 /* Pods_GBShop_GBShopUITests.framework */; };
		66E3C78D2AC359C5BB7C92CC /* Pods_GBShop.framework in Frameworks */ = {isa = PBXBuildFile; fileRef = A4454BEF2545E40605D3EDA1 /* Pods_GBShop.framework */; };
		FE13D1D3261DAFD000CB832F /* AppDelegate.swift in Sources */ = {isa = PBXBuildFile; fileRef = FE13D1D2261DAFD000CB832F /* AppDelegate.swift */; };
		FE13D1DC261DAFD300CB832F /* Assets.xcassets in Resources */ = {isa = PBXBuildFile; fileRef = FE13D1DB261DAFD300CB832F /* Assets.xcassets */; };
		FE13D1DF261DAFD300CB832F /* LaunchScreen.storyboard in Resources */ = {isa = PBXBuildFile; fileRef = FE13D1DD261DAFD300CB832F /* LaunchScreen.storyboard */; };
		FE13D1EA261DAFD300CB832F /* GBShopTests.swift in Sources */ = {isa = PBXBuildFile; fileRef = FE13D1E9261DAFD300CB832F /* GBShopTests.swift */; };
		FE13D1F5261DAFD300CB832F /* GBShopUITests.swift in Sources */ = {isa = PBXBuildFile; fileRef = FE13D1F4261DAFD300CB832F /* GBShopUITests.swift */; };
		FE13D2892623321C00CB832F /* AbstractErrorParser.swift in Sources */ = {isa = PBXBuildFile; fileRef = FE13D2882623321C00CB832F /* AbstractErrorParser.swift */; };
		FE13D291262332A800CB832F /* ErrorParser.swift in Sources */ = {isa = PBXBuildFile; fileRef = FE13D290262332A800CB832F /* ErrorParser.swift */; };
		FE13D2972623378D00CB832F /* AuthRequestFactory.swift in Sources */ = {isa = PBXBuildFile; fileRef = FE13D2962623378D00CB832F /* AuthRequestFactory.swift */; };
		FE13D29F262337D200CB832F /* Auth.swift in Sources */ = {isa = PBXBuildFile; fileRef = FE13D29E262337D200CB832F /* Auth.swift */; };
		FE13D2A42623385200CB832F /* RequestFactory.swift in Sources */ = {isa = PBXBuildFile; fileRef = FE13D2A32623385200CB832F /* RequestFactory.swift */; };
		FE13D2A92623396C00CB832F /* LoginResult.swift in Sources */ = {isa = PBXBuildFile; fileRef = FE13D2A82623396C00CB832F /* LoginResult.swift */; };
		FE13D2AE2623397A00CB832F /* User.swift in Sources */ = {isa = PBXBuildFile; fileRef = FE13D2AD2623397A00CB832F /* User.swift */; };
		FE13D2B3262339C000CB832F /* RequestRouter.swift in Sources */ = {isa = PBXBuildFile; fileRef = FE13D2B2262339C000CB832F /* RequestRouter.swift */; };
		FE13D2B826233A8A00CB832F /* AbstractRequestFactory.swift in Sources */ = {isa = PBXBuildFile; fileRef = FE13D2B726233A8A00CB832F /* AbstractRequestFactory.swift */; };
		FE13D2BD26233BAA00CB832F /* ResponseCodable.swift in Sources */ = {isa = PBXBuildFile; fileRef = FE13D2BC26233BAA00CB832F /* ResponseCodable.swift */; };
		FE13D2E32623542A00CB832F /* Registration.swift in Sources */ = {isa = PBXBuildFile; fileRef = FE13D2E22623542A00CB832F /* Registration.swift */; };
		FE13D2E82623547900CB832F /* RegistrationRequestFactory.swift in Sources */ = {isa = PBXBuildFile; fileRef = FE13D2E72623547900CB832F /* RegistrationRequestFactory.swift */; };
		FE13D2ED2623553700CB832F /* RegistrationResult.swift in Sources */ = {isa = PBXBuildFile; fileRef = FE13D2EC2623553700CB832F /* RegistrationResult.swift */; };
		FE13D2F22623583500CB832F /* LogoutResult.swift in Sources */ = {isa = PBXBuildFile; fileRef = FE13D2F12623583500CB832F /* LogoutResult.swift */; };
		FE13D2F726235AA300CB832F /* RegistrationChangeResult.swift in Sources */ = {isa = PBXBuildFile; fileRef = FE13D2F626235AA300CB832F /* RegistrationChangeResult.swift */; };
		FE434446E30E180A5828E5AC /* Pods_GBShopTests.framework in Frameworks */ = {isa = PBXBuildFile; fileRef = 975DB5212979B020A4FA41E6 /* Pods_GBShopTests.framework */; };
		FE8BF08E2625AB05006DDA46 /* ResponseCodableTests.swift in Sources */ = {isa = PBXBuildFile; fileRef = FE8BF08D2625AB05006DDA46 /* ResponseCodableTests.swift */; };
		FE8BF0932625B407006DDA46 /* ProductResult.swift in Sources */ = {isa = PBXBuildFile; fileRef = FE8BF0922625B407006DDA46 /* ProductResult.swift */; };
		FE8BF0A52625B5AC006DDA46 /* Product.swift in Sources */ = {isa = PBXBuildFile; fileRef = FE8BF0A42625B5AC006DDA46 /* Product.swift */; };
		FE8BF0AB2625BE95006DDA46 /* Goods.swift in Sources */ = {isa = PBXBuildFile; fileRef = FE8BF0AA2625BE95006DDA46 /* Goods.swift */; };
		FE8BF0B32625BEB9006DDA46 /* GoodsRequestFactory.swift in Sources */ = {isa = PBXBuildFile; fileRef = FE8BF0B22625BEB9006DDA46 /* GoodsRequestFactory.swift */; };
		FE8BF0CF26260649006DDA46 /* APITests.swift in Sources */ = {isa = PBXBuildFile; fileRef = FE8BF0CE26260649006DDA46 /* APITests.swift */; };
		FE8BF0DB2626155E006DDA46 /* APITests_Negative.swift in Sources */ = {isa = PBXBuildFile; fileRef = FE8BF0DA2626155E006DDA46 /* APITests_Negative.swift */; };
		FE8BF0E0262CBDEA006DDA46 /* CatalogResult.swift in Sources */ = {isa = PBXBuildFile; fileRef = FE8BF0DF262CBDEA006DDA46 /* CatalogResult.swift */; };
		FE8BF0E6262F0C77006DDA46 /* Review.swift in Sources */ = {isa = PBXBuildFile; fileRef = FE8BF0E5262F0C77006DDA46 /* Review.swift */; };
		FE8BF0EE262F0CCB006DDA46 /* AddReviewResult.swift in Sources */ = {isa = PBXBuildFile; fileRef = FE8BF0ED262F0CCB006DDA46 /* AddReviewResult.swift */; };
		FE8BF0F3262F0CF6006DDA46 /* ApproveReviewResult.swift in Sources */ = {isa = PBXBuildFile; fileRef = FE8BF0F2262F0CF6006DDA46 /* ApproveReviewResult.swift */; };
		FE8BF0F8262F0D28006DDA46 /* RemoveReviewResult.swift in Sources */ = {isa = PBXBuildFile; fileRef = FE8BF0F7262F0D28006DDA46 /* RemoveReviewResult.swift */; };
		FE8BF109262F2735006DDA46 /* Reviews.swift in Sources */ = {isa = PBXBuildFile; fileRef = FE8BF108262F2735006DDA46 /* Reviews.swift */; };
		FE8BF111262F276B006DDA46 /* ReviewRequestFactory.swift in Sources */ = {isa = PBXBuildFile; fileRef = FE8BF110262F276B006DDA46 /* ReviewRequestFactory.swift */; };
		FE8BF11926302961006DDA46 /* ListReviewResult.swift in Sources */ = {isa = PBXBuildFile; fileRef = FE8BF11826302961006DDA46 /* ListReviewResult.swift */; };
		FE8BF123263588FF006DDA46 /* AddToBasketResult.swift in Sources */ = {isa = PBXBuildFile; fileRef = FE8BF122263588FF006DDA46 /* AddToBasketResult.swift */; };
		FE8BF130263589EB006DDA46 /* GetBasketResult.swift in Sources */ = {isa = PBXBuildFile; fileRef = FE8BF12F263589EB006DDA46 /* GetBasketResult.swift */; };
		FE8BF13526358BB3006DDA46 /* BasketItem.swift in Sources */ = {isa = PBXBuildFile; fileRef = FE8BF13426358BB3006DDA46 /* BasketItem.swift */; };
		FE8BF13B263594E1006DDA46 /* Basket.swift in Sources */ = {isa = PBXBuildFile; fileRef = FE8BF13A263594E1006DDA46 /* Basket.swift */; };
		FE8BF143263594FF006DDA46 /* BasketRequestFactory.swift in Sources */ = {isa = PBXBuildFile; fileRef = FE8BF142263594FF006DDA46 /* BasketRequestFactory.swift */; };
		FE8BF14826359727006DDA46 /* RemoveFromBasketResult.swift in Sources */ = {isa = PBXBuildFile; fileRef = FE8BF14726359727006DDA46 /* RemoveFromBasketResult.swift */; };
		FE8BF14D263597E8006DDA46 /* PayBasketResult.swift in Sources */ = {isa = PBXBuildFile; fileRef = FE8BF14C263597E8006DDA46 /* PayBasketResult.swift */; };
		FE8BF15F2635B60D006DDA46 /* StoreBot.swift in Sources */ = {isa = PBXBuildFile; fileRef = FE8BF15E2635B60D006DDA46 /* StoreBot.swift */; };
/* End PBXBuildFile section */

/* Begin PBXContainerItemProxy section */
		FE13D266261DF94A00CB832F /* PBXContainerItemProxy */ = {
			isa = PBXContainerItemProxy;
			containerPortal = FE13D1C7261DAFD000CB832F /* Project object */;
			proxyType = 1;
			remoteGlobalIDString = FE13D1CE261DAFD000CB832F;
			remoteInfo = GBShop;
		};
		FE13D268261DF94E00CB832F /* PBXContainerItemProxy */ = {
			isa = PBXContainerItemProxy;
			containerPortal = FE13D1C7261DAFD000CB832F /* Project object */;
			proxyType = 1;
			remoteGlobalIDString = FE13D1CE261DAFD000CB832F;
			remoteInfo = GBShop;
		};
/* End PBXContainerItemProxy section */

/* Begin PBXFileReference section */
		12A2941AF1F01A68DB678227 /* Pods-GBShop-GBShopUITests.release.xcconfig */ = {isa = PBXFileReference; includeInIndex = 1; lastKnownFileType = text.xcconfig; name = "Pods-GBShop-GBShopUITests.release.xcconfig"; path = "Target Support Files/Pods-GBShop-GBShopUITests/Pods-GBShop-GBShopUITests.release.xcconfig"; sourceTree = "<group>"; };
		29BE19AD814F3B9A76987CF1 /* Pods-GBShop.release.xcconfig */ = {isa = PBXFileReference; includeInIndex = 1; lastKnownFileType = text.xcconfig; name = "Pods-GBShop.release.xcconfig"; path = "Target Support Files/Pods-GBShop/Pods-GBShop.release.xcconfig"; sourceTree = "<group>"; };
		3B562DA77308C623C040D698 /* Pods-GBShop.debug.xcconfig */ = {isa = PBXFileReference; includeInIndex = 1; lastKnownFileType = text.xcconfig; name = "Pods-GBShop.debug.xcconfig"; path = "Target Support Files/Pods-GBShop/Pods-GBShop.debug.xcconfig"; sourceTree = "<group>"; };
		3FB0B4A76108B8CFBD0156FA /* Pods-GBShop-GBShopUITests.debug.xcconfig */ = {isa = PBXFileReference; includeInIndex = 1; lastKnownFileType = text.xcconfig; name = "Pods-GBShop-GBShopUITests.debug.xcconfig"; path = "Target Support Files/Pods-GBShop-GBShopUITests/Pods-GBShop-GBShopUITests.debug.xcconfig"; sourceTree = "<group>"; };
		64A29F4005DD6B171588BCD6 /* Pods-GBShopTests.debug.xcconfig */ = {isa = PBXFileReference; includeInIndex = 1; lastKnownFileType = text.xcconfig; name = "Pods-GBShopTests.debug.xcconfig"; path = "Target Support Files/Pods-GBShopTests/Pods-GBShopTests.debug.xcconfig"; sourceTree = "<group>"; };
		975DB5212979B020A4FA41E6 /* Pods_GBShopTests.framework */ = {isa = PBXFileReference; explicitFileType = wrapper.framework; includeInIndex = 0; path = Pods_GBShopTests.framework; sourceTree = BUILT_PRODUCTS_DIR; };
		A4454BEF2545E40605D3EDA1 /* Pods_GBShop.framework */ = {isa = PBXFileReference; explicitFileType = wrapper.framework; includeInIndex = 0; path = Pods_GBShop.framework; sourceTree = BUILT_PRODUCTS_DIR; };
		B9D66C37EC6732D79D41C95A /* Pods-GBShopTests.release.xcconfig */ = {isa = PBXFileReference; includeInIndex = 1; lastKnownFileType = text.xcconfig; name = "Pods-GBShopTests.release.xcconfig"; path = "Target Support Files/Pods-GBShopTests/Pods-GBShopTests.release.xcconfig"; sourceTree = "<group>"; };
		EA308B54D24D396A02C347B3 /* Pods_GBShop_GBShopUITests.framework */ = {isa = PBXFileReference; explicitFileType = wrapper.framework; includeInIndex = 0; path = Pods_GBShop_GBShopUITests.framework; sourceTree = BUILT_PRODUCTS_DIR; };
		FE13D1CF261DAFD000CB832F /* GBShop.app */ = {isa = PBXFileReference; explicitFileType = wrapper.application; includeInIndex = 0; path = GBShop.app; sourceTree = BUILT_PRODUCTS_DIR; };
		FE13D1D2261DAFD000CB832F /* AppDelegate.swift */ = {isa = PBXFileReference; lastKnownFileType = sourcecode.swift; path = AppDelegate.swift; sourceTree = "<group>"; };
		FE13D1DB261DAFD300CB832F /* Assets.xcassets */ = {isa = PBXFileReference; lastKnownFileType = folder.assetcatalog; path = Assets.xcassets; sourceTree = "<group>"; };
		FE13D1DE261DAFD300CB832F /* Base */ = {isa = PBXFileReference; lastKnownFileType = file.storyboard; name = Base; path = Base.lproj/LaunchScreen.storyboard; sourceTree = "<group>"; };
		FE13D1E5261DAFD300CB832F /* GBShopTests.xctest */ = {isa = PBXFileReference; explicitFileType = wrapper.cfbundle; includeInIndex = 0; path = GBShopTests.xctest; sourceTree = BUILT_PRODUCTS_DIR; };
		FE13D1E9261DAFD300CB832F /* GBShopTests.swift */ = {isa = PBXFileReference; lastKnownFileType = sourcecode.swift; path = GBShopTests.swift; sourceTree = "<group>"; };
		FE13D1EB261DAFD300CB832F /* Info.plist */ = {isa = PBXFileReference; lastKnownFileType = text.plist.xml; path = Info.plist; sourceTree = "<group>"; };
		FE13D1F0261DAFD300CB832F /* GBShopUITests.xctest */ = {isa = PBXFileReference; explicitFileType = wrapper.cfbundle; includeInIndex = 0; path = GBShopUITests.xctest; sourceTree = BUILT_PRODUCTS_DIR; };
		FE13D1F4261DAFD300CB832F /* GBShopUITests.swift */ = {isa = PBXFileReference; lastKnownFileType = sourcecode.swift; path = GBShopUITests.swift; sourceTree = "<group>"; };
		FE13D1F6261DAFD300CB832F /* Info.plist */ = {isa = PBXFileReference; lastKnownFileType = text.plist.xml; path = Info.plist; sourceTree = "<group>"; };
		FE13D251261DEF7600CB832F /* Info.plist */ = {isa = PBXFileReference; fileEncoding = 4; lastKnownFileType = text.plist.xml; path = Info.plist; sourceTree = "<group>"; };
		FE13D2882623321C00CB832F /* AbstractErrorParser.swift */ = {isa = PBXFileReference; lastKnownFileType = sourcecode.swift; path = AbstractErrorParser.swift; sourceTree = "<group>"; };
		FE13D290262332A800CB832F /* ErrorParser.swift */ = {isa = PBXFileReference; lastKnownFileType = sourcecode.swift; path = ErrorParser.swift; sourceTree = "<group>"; };
		FE13D2962623378D00CB832F /* AuthRequestFactory.swift */ = {isa = PBXFileReference; lastKnownFileType = sourcecode.swift; path = AuthRequestFactory.swift; sourceTree = "<group>"; };
		FE13D29E262337D200CB832F /* Auth.swift */ = {isa = PBXFileReference; lastKnownFileType = sourcecode.swift; path = Auth.swift; sourceTree = "<group>"; };
		FE13D2A32623385200CB832F /* RequestFactory.swift */ = {isa = PBXFileReference; lastKnownFileType = sourcecode.swift; path = RequestFactory.swift; sourceTree = "<group>"; };
		FE13D2A82623396C00CB832F /* LoginResult.swift */ = {isa = PBXFileReference; lastKnownFileType = sourcecode.swift; path = LoginResult.swift; sourceTree = "<group>"; };
		FE13D2AD2623397A00CB832F /* User.swift */ = {isa = PBXFileReference; lastKnownFileType = sourcecode.swift; path = User.swift; sourceTree = "<group>"; };
		FE13D2B2262339C000CB832F /* RequestRouter.swift */ = {isa = PBXFileReference; lastKnownFileType = sourcecode.swift; path = RequestRouter.swift; sourceTree = "<group>"; };
		FE13D2B726233A8A00CB832F /* AbstractRequestFactory.swift */ = {isa = PBXFileReference; lastKnownFileType = sourcecode.swift; path = AbstractRequestFactory.swift; sourceTree = "<group>"; };
		FE13D2BC26233BAA00CB832F /* ResponseCodable.swift */ = {isa = PBXFileReference; lastKnownFileType = sourcecode.swift; path = ResponseCodable.swift; sourceTree = "<group>"; };
		FE13D2E22623542A00CB832F /* Registration.swift */ = {isa = PBXFileReference; lastKnownFileType = sourcecode.swift; path = Registration.swift; sourceTree = "<group>"; };
		FE13D2E72623547900CB832F /* RegistrationRequestFactory.swift */ = {isa = PBXFileReference; lastKnownFileType = sourcecode.swift; path = RegistrationRequestFactory.swift; sourceTree = "<group>"; };
		FE13D2EC2623553700CB832F /* RegistrationResult.swift */ = {isa = PBXFileReference; lastKnownFileType = sourcecode.swift; path = RegistrationResult.swift; sourceTree = "<group>"; };
		FE13D2F12623583500CB832F /* LogoutResult.swift */ = {isa = PBXFileReference; lastKnownFileType = sourcecode.swift; path = LogoutResult.swift; sourceTree = "<group>"; };
		FE13D2F626235AA300CB832F /* RegistrationChangeResult.swift */ = {isa = PBXFileReference; lastKnownFileType = sourcecode.swift; path = RegistrationChangeResult.swift; sourceTree = "<group>"; };
		FE8BF08D2625AB05006DDA46 /* ResponseCodableTests.swift */ = {isa = PBXFileReference; lastKnownFileType = sourcecode.swift; path = ResponseCodableTests.swift; sourceTree = "<group>"; };
		FE8BF0922625B407006DDA46 /* ProductResult.swift */ = {isa = PBXFileReference; lastKnownFileType = sourcecode.swift; path = ProductResult.swift; sourceTree = "<group>"; };
		FE8BF0A42625B5AC006DDA46 /* Product.swift */ = {isa = PBXFileReference; lastKnownFileType = sourcecode.swift; path = Product.swift; sourceTree = "<group>"; };
		FE8BF0AA2625BE95006DDA46 /* Goods.swift */ = {isa = PBXFileReference; lastKnownFileType = sourcecode.swift; path = Goods.swift; sourceTree = "<group>"; };
		FE8BF0B22625BEB9006DDA46 /* GoodsRequestFactory.swift */ = {isa = PBXFileReference; lastKnownFileType = sourcecode.swift; path = GoodsRequestFactory.swift; sourceTree = "<group>"; };
		FE8BF0CE26260649006DDA46 /* APITests.swift */ = {isa = PBXFileReference; lastKnownFileType = sourcecode.swift; path = APITests.swift; sourceTree = "<group>"; };
		FE8BF0DA2626155E006DDA46 /* APITests_Negative.swift */ = {isa = PBXFileReference; lastKnownFileType = sourcecode.swift; path = APITests_Negative.swift; sourceTree = "<group>"; };
		FE8BF0DF262CBDEA006DDA46 /* CatalogResult.swift */ = {isa = PBXFileReference; lastKnownFileType = sourcecode.swift; path = CatalogResult.swift; sourceTree = "<group>"; };
		FE8BF0E5262F0C77006DDA46 /* Review.swift */ = {isa = PBXFileReference; lastKnownFileType = sourcecode.swift; path = Review.swift; sourceTree = "<group>"; };
		FE8BF0ED262F0CCB006DDA46 /* AddReviewResult.swift */ = {isa = PBXFileReference; lastKnownFileType = sourcecode.swift; path = AddReviewResult.swift; sourceTree = "<group>"; };
		FE8BF0F2262F0CF6006DDA46 /* ApproveReviewResult.swift */ = {isa = PBXFileReference; lastKnownFileType = sourcecode.swift; path = ApproveReviewResult.swift; sourceTree = "<group>"; };
		FE8BF0F7262F0D28006DDA46 /* RemoveReviewResult.swift */ = {isa = PBXFileReference; lastKnownFileType = sourcecode.swift; path = RemoveReviewResult.swift; sourceTree = "<group>"; };
		FE8BF108262F2735006DDA46 /* Reviews.swift */ = {isa = PBXFileReference; lastKnownFileType = sourcecode.swift; path = Reviews.swift; sourceTree = "<group>"; };
		FE8BF110262F276B006DDA46 /* ReviewRequestFactory.swift */ = {isa = PBXFileReference; lastKnownFileType = sourcecode.swift; path = ReviewRequestFactory.swift; sourceTree = "<group>"; };
		FE8BF11826302961006DDA46 /* ListReviewResult.swift */ = {isa = PBXFileReference; lastKnownFileType = sourcecode.swift; path = ListReviewResult.swift; sourceTree = "<group>"; };
		FE8BF122263588FF006DDA46 /* AddToBasketResult.swift */ = {isa = PBXFileReference; lastKnownFileType = sourcecode.swift; path = AddToBasketResult.swift; sourceTree = "<group>"; };
		FE8BF12F263589EB006DDA46 /* GetBasketResult.swift */ = {isa = PBXFileReference; lastKnownFileType = sourcecode.swift; path = GetBasketResult.swift; sourceTree = "<group>"; };
		FE8BF13426358BB3006DDA46 /* BasketItem.swift */ = {isa = PBXFileReference; lastKnownFileType = sourcecode.swift; path = BasketItem.swift; sourceTree = "<group>"; };
		FE8BF13A263594E1006DDA46 /* Basket.swift */ = {isa = PBXFileReference; lastKnownFileType = sourcecode.swift; path = Basket.swift; sourceTree = "<group>"; };
		FE8BF142263594FF006DDA46 /* BasketRequestFactory.swift */ = {isa = PBXFileReference; lastKnownFileType = sourcecode.swift; path = BasketRequestFactory.swift; sourceTree = "<group>"; };
		FE8BF14726359727006DDA46 /* RemoveFromBasketResult.swift */ = {isa = PBXFileReference; lastKnownFileType = sourcecode.swift; path = RemoveFromBasketResult.swift; sourceTree = "<group>"; };
		FE8BF14C263597E8006DDA46 /* PayBasketResult.swift */ = {isa = PBXFileReference; lastKnownFileType = sourcecode.swift; path = PayBasketResult.swift; sourceTree = "<group>"; };
		FE8BF15E2635B60D006DDA46 /* StoreBot.swift */ = {isa = PBXFileReference; lastKnownFileType = sourcecode.swift; path = StoreBot.swift; sourceTree = "<group>"; };
/* End PBXFileReference section */

/* Begin PBXFrameworksBuildPhase section */
		FE13D1CC261DAFD000CB832F /* Frameworks */ = {
			isa = PBXFrameworksBuildPhase;
			buildActionMask = 2147483647;
			files = (
				66E3C78D2AC359C5BB7C92CC /* Pods_GBShop.framework in Frameworks */,
			);
			runOnlyForDeploymentPostprocessing = 0;
		};
		FE13D1E2261DAFD300CB832F /* Frameworks */ = {
			isa = PBXFrameworksBuildPhase;
			buildActionMask = 2147483647;
			files = (
				FE434446E30E180A5828E5AC /* Pods_GBShopTests.framework in Frameworks */,
			);
			runOnlyForDeploymentPostprocessing = 0;
		};
		FE13D1ED261DAFD300CB832F /* Frameworks */ = {
			isa = PBXFrameworksBuildPhase;
			buildActionMask = 2147483647;
			files = (
				41B67474984B58E63D36E57D /* Pods_GBShop_GBShopUITests.framework in Frameworks */,
			);
			runOnlyForDeploymentPostprocessing = 0;
		};
/* End PBXFrameworksBuildPhase section */

/* Begin PBXGroup section */
		265A19654FDC2A85597575C1 /* Frameworks */ = {
			isa = PBXGroup;
			children = (
				A4454BEF2545E40605D3EDA1 /* Pods_GBShop.framework */,
				EA308B54D24D396A02C347B3 /* Pods_GBShop_GBShopUITests.framework */,
				975DB5212979B020A4FA41E6 /* Pods_GBShopTests.framework */,
			);
			name = Frameworks;
			sourceTree = "<group>";
		};
		D8ACC6ADC39D71C0BB4CC833 /* Pods */ = {
			isa = PBXGroup;
			children = (
				3B562DA77308C623C040D698 /* Pods-GBShop.debug.xcconfig */,
				29BE19AD814F3B9A76987CF1 /* Pods-GBShop.release.xcconfig */,
				3FB0B4A76108B8CFBD0156FA /* Pods-GBShop-GBShopUITests.debug.xcconfig */,
				12A2941AF1F01A68DB678227 /* Pods-GBShop-GBShopUITests.release.xcconfig */,
				64A29F4005DD6B171588BCD6 /* Pods-GBShopTests.debug.xcconfig */,
				B9D66C37EC6732D79D41C95A /* Pods-GBShopTests.release.xcconfig */,
			);
			path = Pods;
			sourceTree = "<group>";
		};
		FE13D1C6261DAFD000CB832F = {
			isa = PBXGroup;
			children = (
				FE13D1D1261DAFD000CB832F /* GBShop */,
				FE13D1E8261DAFD300CB832F /* GBShopTests */,
				FE13D1F3261DAFD300CB832F /* GBShopUITests */,
				FE13D1D0261DAFD000CB832F /* Products */,
				D8ACC6ADC39D71C0BB4CC833 /* Pods */,
				265A19654FDC2A85597575C1 /* Frameworks */,
			);
			sourceTree = "<group>";
		};
		FE13D1D0261DAFD000CB832F /* Products */ = {
			isa = PBXGroup;
			children = (
				FE13D1CF261DAFD000CB832F /* GBShop.app */,
				FE13D1E5261DAFD300CB832F /* GBShopTests.xctest */,
				FE13D1F0261DAFD300CB832F /* GBShopUITests.xctest */,
			);
			name = Products;
			sourceTree = "<group>";
		};
		FE13D1D1261DAFD000CB832F /* GBShop */ = {
			isa = PBXGroup;
			children = (
				FE13D214261DE7E700CB832F /* App */,
				FE13D219261DE85E00CB832F /* Core */,
				FE13D21A261DE86F00CB832F /* Resources */,
				FE13D21B261DE87E00CB832F /* Environments */,
			);
			path = GBShop;
			sourceTree = "<group>";
		};
		FE13D1E8261DAFD300CB832F /* GBShopTests */ = {
			isa = PBXGroup;
			children = (
				FE8BF08D2625AB05006DDA46 /* ResponseCodableTests.swift */,
				FE8BF0CE26260649006DDA46 /* APITests.swift */,
				FE13D1E9261DAFD300CB832F /* GBShopTests.swift */,
				FE13D1EB261DAFD300CB832F /* Info.plist */,
				FE8BF0DA2626155E006DDA46 /* APITests_Negative.swift */,
			);
			path = GBShopTests;
			sourceTree = "<group>";
		};
		FE13D1F3261DAFD300CB832F /* GBShopUITests */ = {
			isa = PBXGroup;
			children = (
				FE13D1F4261DAFD300CB832F /* GBShopUITests.swift */,
				FE13D1F6261DAFD300CB832F /* Info.plist */,
			);
			path = GBShopUITests;
			sourceTree = "<group>";
		};
		FE13D214261DE7E700CB832F /* App */ = {
			isa = PBXGroup;
			children = (
				FE13D1D2261DAFD000CB832F /* AppDelegate.swift */,
				FE13D215261DE7F500CB832F /* BusinessLogic */,
				FE13D216261DE80700CB832F /* Entity */,
				FE13D217261DE81C00CB832F /* Assembly */,
				FE13D218261DE82A00CB832F /* Flows */,
				FE8BF15E2635B60D006DDA46 /* StoreBot.swift */,
			);
			path = App;
			sourceTree = "<group>";
		};
		FE13D215261DE7F500CB832F /* BusinessLogic */ = {
			isa = PBXGroup;
			children = (
				FE13D2952623376000CB832F /* Network */,
			);
			path = BusinessLogic;
			sourceTree = "<group>";
		};
		FE13D216261DE80700CB832F /* Entity */ = {
			isa = PBXGroup;
			children = (
				FE8BF121263588E0006DDA46 /* Basket */,
				FE8BF0E4262F0C1A006DDA46 /* Review */,
				FE8BF09A2625B4EA006DDA46 /* Auth */,
				FE8BF09B2625B4FD006DDA46 /* Goods */,
			);
			path = Entity;
			sourceTree = "<group>";
		};
		FE13D217261DE81C00CB832F /* Assembly */ = {
			isa = PBXGroup;
			children = (
			);
			path = Assembly;
			sourceTree = "<group>";
		};
		FE13D218261DE82A00CB832F /* Flows */ = {
			isa = PBXGroup;
			children = (
			);
			path = Flows;
			sourceTree = "<group>";
		};
		FE13D219261DE85E00CB832F /* Core */ = {
			isa = PBXGroup;
			children = (
				FE13D2872623316E00CB832F /* Network */,
			);
			path = Core;
			sourceTree = "<group>";
		};
		FE13D21A261DE86F00CB832F /* Resources */ = {
			isa = PBXGroup;
			children = (
				FE13D1DB261DAFD300CB832F /* Assets.xcassets */,
				FE13D1DD261DAFD300CB832F /* LaunchScreen.storyboard */,
			);
			path = Resources;
			sourceTree = "<group>";
		};
		FE13D21B261DE87E00CB832F /* Environments */ = {
			isa = PBXGroup;
			children = (
				FE13D251261DEF7600CB832F /* Info.plist */,
			);
			path = Environments;
			sourceTree = "<group>";
		};
		FE13D2872623316E00CB832F /* Network */ = {
			isa = PBXGroup;
			children = (
				FE13D2882623321C00CB832F /* AbstractErrorParser.swift */,
				FE13D290262332A800CB832F /* ErrorParser.swift */,
				FE13D2BC26233BAA00CB832F /* ResponseCodable.swift */,
				FE13D2B726233A8A00CB832F /* AbstractRequestFactory.swift */,
				FE13D2B2262339C000CB832F /* RequestRouter.swift */,
			);
			path = Network;
			sourceTree = "<group>";
		};
		FE13D2952623376000CB832F /* Network */ = {
			isa = PBXGroup;
			children = (
				FE8BF1392635948B006DDA46 /* Basket */,
				FE8BF107262F26F7006DDA46 /* Review */,
				FE8BF0972625B44A006DDA46 /* Auth */,
				FE8BF0A92625BE62006DDA46 /* Goods */,
			);
			path = Network;
			sourceTree = "<group>";
		};
		FE8BF0972625B44A006DDA46 /* Auth */ = {
			isa = PBXGroup;
			children = (
				FE13D2962623378D00CB832F /* AuthRequestFactory.swift */,
				FE13D29E262337D200CB832F /* Auth.swift */,
				FE13D2A32623385200CB832F /* RequestFactory.swift */,
				FE13D2E22623542A00CB832F /* Registration.swift */,
				FE13D2E72623547900CB832F /* RegistrationRequestFactory.swift */,
			);
			path = Auth;
			sourceTree = "<group>";
		};
		FE8BF09A2625B4EA006DDA46 /* Auth */ = {
			isa = PBXGroup;
			children = (
				FE13D2A82623396C00CB832F /* LoginResult.swift */,
				FE13D2AD2623397A00CB832F /* User.swift */,
				FE13D2EC2623553700CB832F /* RegistrationResult.swift */,
				FE13D2F12623583500CB832F /* LogoutResult.swift */,
				FE13D2F626235AA300CB832F /* RegistrationChangeResult.swift */,
			);
			path = Auth;
			sourceTree = "<group>";
		};
		FE8BF09B2625B4FD006DDA46 /* Goods */ = {
			isa = PBXGroup;
			children = (
				FE8BF0922625B407006DDA46 /* ProductResult.swift */,
				FE8BF0A42625B5AC006DDA46 /* Product.swift */,
				FE8BF0DF262CBDEA006DDA46 /* CatalogResult.swift */,
			);
			path = Goods;
			sourceTree = "<group>";
		};
		FE8BF0A92625BE62006DDA46 /* Goods */ = {
			isa = PBXGroup;
			children = (
				FE8BF0AA2625BE95006DDA46 /* Goods.swift */,
				FE8BF0B22625BEB9006DDA46 /* GoodsRequestFactory.swift */,
			);
			path = Goods;
			sourceTree = "<group>";
		};
		FE8BF0E4262F0C1A006DDA46 /* Review */ = {
			isa = PBXGroup;
			children = (
				FE8BF0E5262F0C77006DDA46 /* Review.swift */,
				FE8BF0ED262F0CCB006DDA46 /* AddReviewResult.swift */,
				FE8BF0F7262F0D28006DDA46 /* RemoveReviewResult.swift */,
				FE8BF0F2262F0CF6006DDA46 /* ApproveReviewResult.swift */,
				FE8BF11826302961006DDA46 /* ListReviewResult.swift */,
			);
			path = Review;
			sourceTree = "<group>";
		};
		FE8BF107262F26F7006DDA46 /* Review */ = {
			isa = PBXGroup;
			children = (
				FE8BF108262F2735006DDA46 /* Reviews.swift */,
				FE8BF110262F276B006DDA46 /* ReviewRequestFactory.swift */,
			);
			path = Review;
			sourceTree = "<group>";
		};
		FE8BF121263588E0006DDA46 /* Basket */ = {
			isa = PBXGroup;
			children = (
				FE8BF122263588FF006DDA46 /* AddToBasketResult.swift */,
				FE8BF14726359727006DDA46 /* RemoveFromBasketResult.swift */,
				FE8BF14C263597E8006DDA46 /* PayBasketResult.swift */,
				FE8BF12F263589EB006DDA46 /* GetBasketResult.swift */,
				FE8BF13426358BB3006DDA46 /* BasketItem.swift */,
			);
			path = Basket;
			sourceTree = "<group>";
		};
		FE8BF1392635948B006DDA46 /* Basket */ = {
			isa = PBXGroup;
			children = (
				FE8BF13A263594E1006DDA46 /* Basket.swift */,
				FE8BF142263594FF006DDA46 /* BasketRequestFactory.swift */,
			);
			path = Basket;
			sourceTree = "<group>";
		};
/* End PBXGroup section */

/* Begin PBXNativeTarget section */
		FE13D1CE261DAFD000CB832F /* GBShop */ = {
			isa = PBXNativeTarget;
			buildConfigurationList = FE13D1F9261DAFD300CB832F /* Build configuration list for PBXNativeTarget "GBShop" */;
			buildPhases = (
				99D1DE7665715A9D1C500E89 /* [CP] Check Pods Manifest.lock */,
				FE13D1CB261DAFD000CB832F /* Sources */,
				FE13D1CC261DAFD000CB832F /* Frameworks */,
				FE13D1CD261DAFD000CB832F /* Resources */,
				CDDA8B64C4282ED608B4AA1B /* [CP] Embed Pods Frameworks */,
				FE8BF11D263039C6006DDA46 /* ShellScript */,
			);
			buildRules = (
			);
			dependencies = (
			);
			name = GBShop;
			productName = GBShop;
			productReference = FE13D1CF261DAFD000CB832F /* GBShop.app */;
			productType = "com.apple.product-type.application";
		};
		FE13D1E4261DAFD300CB832F /* GBShopTests */ = {
			isa = PBXNativeTarget;
			buildConfigurationList = FE13D1FC261DAFD300CB832F /* Build configuration list for PBXNativeTarget "GBShopTests" */;
			buildPhases = (
				492BBA50ED64300B21CF343C /* [CP] Check Pods Manifest.lock */,
				FE13D1E1261DAFD300CB832F /* Sources */,
				FE13D1E2261DAFD300CB832F /* Frameworks */,
				FE13D1E3261DAFD300CB832F /* Resources */,
				7B0A6ED6ED786A73E51240F3 /* [CP] Embed Pods Frameworks */,
			);
			buildRules = (
			);
			dependencies = (
				FE13D267261DF94A00CB832F /* PBXTargetDependency */,
			);
			name = GBShopTests;
			productName = GBShopTests;
			productReference = FE13D1E5261DAFD300CB832F /* GBShopTests.xctest */;
			productType = "com.apple.product-type.bundle.unit-test";
		};
		FE13D1EF261DAFD300CB832F /* GBShopUITests */ = {
			isa = PBXNativeTarget;
			buildConfigurationList = FE13D1FF261DAFD300CB832F /* Build configuration list for PBXNativeTarget "GBShopUITests" */;
			buildPhases = (
				1AFB15AD11434E4E6286C40A /* [CP] Check Pods Manifest.lock */,
				FE13D1EC261DAFD300CB832F /* Sources */,
				FE13D1ED261DAFD300CB832F /* Frameworks */,
				FE13D1EE261DAFD300CB832F /* Resources */,
				8F49C117CC024C0440117557 /* [CP] Embed Pods Frameworks */,
			);
			buildRules = (
			);
			dependencies = (
				FE13D269261DF94E00CB832F /* PBXTargetDependency */,
			);
			name = GBShopUITests;
			productName = GBShopUITests;
			productReference = FE13D1F0261DAFD300CB832F /* GBShopUITests.xctest */;
			productType = "com.apple.product-type.bundle.ui-testing";
		};
/* End PBXNativeTarget section */

/* Begin PBXProject section */
		FE13D1C7261DAFD000CB832F /* Project object */ = {
			isa = PBXProject;
			attributes = {
				LastSwiftUpdateCheck = 1220;
				LastUpgradeCheck = 1220;
				TargetAttributes = {
					FE13D1CE261DAFD000CB832F = {
						CreatedOnToolsVersion = 12.2;
					};
					FE13D1E4261DAFD300CB832F = {
						CreatedOnToolsVersion = 12.2;
						TestTargetID = FE13D1CE261DAFD000CB832F;
					};
					FE13D1EF261DAFD300CB832F = {
						CreatedOnToolsVersion = 12.2;
						TestTargetID = FE13D1CE261DAFD000CB832F;
					};
				};
			};
			buildConfigurationList = FE13D1CA261DAFD000CB832F /* Build configuration list for PBXProject "GBShop" */;
			compatibilityVersion = "Xcode 9.3";
			developmentRegion = en;
			hasScannedForEncodings = 0;
			knownRegions = (
				en,
				Base,
			);
			mainGroup = FE13D1C6261DAFD000CB832F;
			productRefGroup = FE13D1D0261DAFD000CB832F /* Products */;
			projectDirPath = "";
			projectRoot = "";
			targets = (
				FE13D1CE261DAFD000CB832F /* GBShop */,
				FE13D1E4261DAFD300CB832F /* GBShopTests */,
				FE13D1EF261DAFD300CB832F /* GBShopUITests */,
			);
		};
/* End PBXProject section */

/* Begin PBXResourcesBuildPhase section */
		FE13D1CD261DAFD000CB832F /* Resources */ = {
			isa = PBXResourcesBuildPhase;
			buildActionMask = 2147483647;
			files = (
				FE13D1DF261DAFD300CB832F /* LaunchScreen.storyboard in Resources */,
				FE13D1DC261DAFD300CB832F /* Assets.xcassets in Resources */,
			);
			runOnlyForDeploymentPostprocessing = 0;
		};
		FE13D1E3261DAFD300CB832F /* Resources */ = {
			isa = PBXResourcesBuildPhase;
			buildActionMask = 2147483647;
			files = (
			);
			runOnlyForDeploymentPostprocessing = 0;
		};
		FE13D1EE261DAFD300CB832F /* Resources */ = {
			isa = PBXResourcesBuildPhase;
			buildActionMask = 2147483647;
			files = (
			);
			runOnlyForDeploymentPostprocessing = 0;
		};
/* End PBXResourcesBuildPhase section */

/* Begin PBXShellScriptBuildPhase section */
		1AFB15AD11434E4E6286C40A /* [CP] Check Pods Manifest.lock */ = {
			isa = PBXShellScriptBuildPhase;
			buildActionMask = 2147483647;
			files = (
			);
			inputFileListPaths = (
			);
			inputPaths = (
				"${PODS_PODFILE_DIR_PATH}/Podfile.lock",
				"${PODS_ROOT}/Manifest.lock",
			);
			name = "[CP] Check Pods Manifest.lock";
			outputFileListPaths = (
			);
			outputPaths = (
				"$(DERIVED_FILE_DIR)/Pods-GBShop-GBShopUITests-checkManifestLockResult.txt",
			);
			runOnlyForDeploymentPostprocessing = 0;
			shellPath = /bin/sh;
			shellScript = "diff \"${PODS_PODFILE_DIR_PATH}/Podfile.lock\" \"${PODS_ROOT}/Manifest.lock\" > /dev/null\nif [ $? != 0 ] ; then\n    # print error to STDERR\n    echo \"error: The sandbox is not in sync with the Podfile.lock. Run 'pod install' or update your CocoaPods installation.\" >&2\n    exit 1\nfi\n# This output is used by Xcode 'outputs' to avoid re-running this script phase.\necho \"SUCCESS\" > \"${SCRIPT_OUTPUT_FILE_0}\"\n";
			showEnvVarsInLog = 0;
		};
		492BBA50ED64300B21CF343C /* [CP] Check Pods Manifest.lock */ = {
			isa = PBXShellScriptBuildPhase;
			buildActionMask = 2147483647;
			files = (
			);
			inputFileListPaths = (
			);
			inputPaths = (
				"${PODS_PODFILE_DIR_PATH}/Podfile.lock",
				"${PODS_ROOT}/Manifest.lock",
			);
			name = "[CP] Check Pods Manifest.lock";
			outputFileListPaths = (
			);
			outputPaths = (
				"$(DERIVED_FILE_DIR)/Pods-GBShopTests-checkManifestLockResult.txt",
			);
			runOnlyForDeploymentPostprocessing = 0;
			shellPath = /bin/sh;
			shellScript = "diff \"${PODS_PODFILE_DIR_PATH}/Podfile.lock\" \"${PODS_ROOT}/Manifest.lock\" > /dev/null\nif [ $? != 0 ] ; then\n    # print error to STDERR\n    echo \"error: The sandbox is not in sync with the Podfile.lock. Run 'pod install' or update your CocoaPods installation.\" >&2\n    exit 1\nfi\n# This output is used by Xcode 'outputs' to avoid re-running this script phase.\necho \"SUCCESS\" > \"${SCRIPT_OUTPUT_FILE_0}\"\n";
			showEnvVarsInLog = 0;
		};
		7B0A6ED6ED786A73E51240F3 /* [CP] Embed Pods Frameworks */ = {
			isa = PBXShellScriptBuildPhase;
			buildActionMask = 2147483647;
			files = (
			);
			inputFileListPaths = (
				"${PODS_ROOT}/Target Support Files/Pods-GBShopTests/Pods-GBShopTests-frameworks-${CONFIGURATION}-input-files.xcfilelist",
			);
			name = "[CP] Embed Pods Frameworks";
			outputFileListPaths = (
				"${PODS_ROOT}/Target Support Files/Pods-GBShopTests/Pods-GBShopTests-frameworks-${CONFIGURATION}-output-files.xcfilelist",
			);
			runOnlyForDeploymentPostprocessing = 0;
			shellPath = /bin/sh;
			shellScript = "\"${PODS_ROOT}/Target Support Files/Pods-GBShopTests/Pods-GBShopTests-frameworks.sh\"\n";
			showEnvVarsInLog = 0;
		};
		8F49C117CC024C0440117557 /* [CP] Embed Pods Frameworks */ = {
			isa = PBXShellScriptBuildPhase;
			buildActionMask = 2147483647;
			files = (
			);
			inputFileListPaths = (
				"${PODS_ROOT}/Target Support Files/Pods-GBShop-GBShopUITests/Pods-GBShop-GBShopUITests-frameworks-${CONFIGURATION}-input-files.xcfilelist",
			);
			name = "[CP] Embed Pods Frameworks";
			outputFileListPaths = (
				"${PODS_ROOT}/Target Support Files/Pods-GBShop-GBShopUITests/Pods-GBShop-GBShopUITests-frameworks-${CONFIGURATION}-output-files.xcfilelist",
			);
			runOnlyForDeploymentPostprocessing = 0;
			shellPath = /bin/sh;
			shellScript = "\"${PODS_ROOT}/Target Support Files/Pods-GBShop-GBShopUITests/Pods-GBShop-GBShopUITests-frameworks.sh\"\n";
			showEnvVarsInLog = 0;
		};
		99D1DE7665715A9D1C500E89 /* [CP] Check Pods Manifest.lock */ = {
			isa = PBXShellScriptBuildPhase;
			buildActionMask = 2147483647;
			files = (
			);
			inputFileListPaths = (
			);
			inputPaths = (
				"${PODS_PODFILE_DIR_PATH}/Podfile.lock",
				"${PODS_ROOT}/Manifest.lock",
			);
			name = "[CP] Check Pods Manifest.lock";
			outputFileListPaths = (
			);
			outputPaths = (
				"$(DERIVED_FILE_DIR)/Pods-GBShop-checkManifestLockResult.txt",
			);
			runOnlyForDeploymentPostprocessing = 0;
			shellPath = /bin/sh;
			shellScript = "diff \"${PODS_PODFILE_DIR_PATH}/Podfile.lock\" \"${PODS_ROOT}/Manifest.lock\" > /dev/null\nif [ $? != 0 ] ; then\n    # print error to STDERR\n    echo \"error: The sandbox is not in sync with the Podfile.lock. Run 'pod install' or update your CocoaPods installation.\" >&2\n    exit 1\nfi\n# This output is used by Xcode 'outputs' to avoid re-running this script phase.\necho \"SUCCESS\" > \"${SCRIPT_OUTPUT_FILE_0}\"\n";
			showEnvVarsInLog = 0;
		};
		CDDA8B64C4282ED608B4AA1B /* [CP] Embed Pods Frameworks */ = {
			isa = PBXShellScriptBuildPhase;
			buildActionMask = 2147483647;
			files = (
			);
			inputFileListPaths = (
				"${PODS_ROOT}/Target Support Files/Pods-GBShop/Pods-GBShop-frameworks-${CONFIGURATION}-input-files.xcfilelist",
			);
			name = "[CP] Embed Pods Frameworks";
			outputFileListPaths = (
				"${PODS_ROOT}/Target Support Files/Pods-GBShop/Pods-GBShop-frameworks-${CONFIGURATION}-output-files.xcfilelist",
			);
			runOnlyForDeploymentPostprocessing = 0;
			shellPath = /bin/sh;
			shellScript = "\"${PODS_ROOT}/Target Support Files/Pods-GBShop/Pods-GBShop-frameworks.sh\"\n";
			showEnvVarsInLog = 0;
		};
		FE8BF11D263039C6006DDA46 /* ShellScript */ = {
			isa = PBXShellScriptBuildPhase;
			buildActionMask = 2147483647;
			files = (
			);
			inputFileListPaths = (
			);
			inputPaths = (
			);
			outputFileListPaths = (
			);
			outputPaths = (
			);
			runOnlyForDeploymentPostprocessing = 0;
			shellPath = /bin/sh;
			shellScript = "if which swiftlint >/dev/null; then\n  swiftlint\nelse\n  echo \"warning: SwiftLint not installed, download from https://github.com/realm/SwiftLint\"\nfi\n";
		};
/* End PBXShellScriptBuildPhase section */

/* Begin PBXSourcesBuildPhase section */
		FE13D1CB261DAFD000CB832F /* Sources */ = {
			isa = PBXSourcesBuildPhase;
			buildActionMask = 2147483647;
			files = (
				FE8BF0A52625B5AC006DDA46 /* Product.swift in Sources */,
				FE13D2A42623385200CB832F /* RequestFactory.swift in Sources */,
				FE8BF0E0262CBDEA006DDA46 /* CatalogResult.swift in Sources */,
				FE13D291262332A800CB832F /* ErrorParser.swift in Sources */,
				FE13D2BD26233BAA00CB832F /* ResponseCodable.swift in Sources */,
				FE8BF130263589EB006DDA46 /* GetBasketResult.swift in Sources */,
				FE8BF13B263594E1006DDA46 /* Basket.swift in Sources */,
				FE13D2F22623583500CB832F /* LogoutResult.swift in Sources */,
				FE8BF0B32625BEB9006DDA46 /* GoodsRequestFactory.swift in Sources */,
				FE8BF111262F276B006DDA46 /* ReviewRequestFactory.swift in Sources */,
				FE13D2E82623547900CB832F /* RegistrationRequestFactory.swift in Sources */,
				FE8BF15F2635B60D006DDA46 /* StoreBot.swift in Sources */,
				FE13D2972623378D00CB832F /* AuthRequestFactory.swift in Sources */,
				FE13D2E32623542A00CB832F /* Registration.swift in Sources */,
				FE13D2B826233A8A00CB832F /* AbstractRequestFactory.swift in Sources */,
				FE13D1D3261DAFD000CB832F /* AppDelegate.swift in Sources */,
				FE8BF14826359727006DDA46 /* RemoveFromBasketResult.swift in Sources */,
				FE8BF0932625B407006DDA46 /* ProductResult.swift in Sources */,
				FE13D2F726235AA300CB832F /* RegistrationChangeResult.swift in Sources */,
				FE8BF0F8262F0D28006DDA46 /* RemoveReviewResult.swift in Sources */,
				FE13D29F262337D200CB832F /* Auth.swift in Sources */,
				FE8BF14D263597E8006DDA46 /* PayBasketResult.swift in Sources */,
				FE13D2ED2623553700CB832F /* RegistrationResult.swift in Sources */,
				FE13D2B3262339C000CB832F /* RequestRouter.swift in Sources */,
				FE8BF13526358BB3006DDA46 /* BasketItem.swift in Sources */,
				FE8BF0E6262F0C77006DDA46 /* Review.swift in Sources */,
				FE8BF0F3262F0CF6006DDA46 /* ApproveReviewResult.swift in Sources */,
				FE8BF123263588FF006DDA46 /* AddToBasketResult.swift in Sources */,
				FE13D2A92623396C00CB832F /* LoginResult.swift in Sources */,
				FE8BF11926302961006DDA46 /* ListReviewResult.swift in Sources */,
				FE8BF109262F2735006DDA46 /* Reviews.swift in Sources */,
				FE13D2AE2623397A00CB832F /* User.swift in Sources */,
				FE8BF0AB2625BE95006DDA46 /* Goods.swift in Sources */,
				FE8BF0EE262F0CCB006DDA46 /* AddReviewResult.swift in Sources */,
				FE8BF143263594FF006DDA46 /* BasketRequestFactory.swift in Sources */,
				FE13D2892623321C00CB832F /* AbstractErrorParser.swift in Sources */,
			);
			runOnlyForDeploymentPostprocessing = 0;
		};
		FE13D1E1261DAFD300CB832F /* Sources */ = {
			isa = PBXSourcesBuildPhase;
			buildActionMask = 2147483647;
			files = (
				FE13D1EA261DAFD300CB832F /* GBShopTests.swift in Sources */,
				FE8BF0DB2626155E006DDA46 /* APITests_Negative.swift in Sources */,
				FE8BF08E2625AB05006DDA46 /* ResponseCodableTests.swift in Sources */,
				FE8BF0CF26260649006DDA46 /* APITests.swift in Sources */,
			);
			runOnlyForDeploymentPostprocessing = 0;
		};
		FE13D1EC261DAFD300CB832F /* Sources */ = {
			isa = PBXSourcesBuildPhase;
			buildActionMask = 2147483647;
			files = (
				FE13D1F5261DAFD300CB832F /* GBShopUITests.swift in Sources */,
			);
			runOnlyForDeploymentPostprocessing = 0;
		};
/* End PBXSourcesBuildPhase section */

/* Begin PBXTargetDependency section */
		FE13D267261DF94A00CB832F /* PBXTargetDependency */ = {
			isa = PBXTargetDependency;
			target = FE13D1CE261DAFD000CB832F /* GBShop */;
			targetProxy = FE13D266261DF94A00CB832F /* PBXContainerItemProxy */;
		};
		FE13D269261DF94E00CB832F /* PBXTargetDependency */ = {
			isa = PBXTargetDependency;
			target = FE13D1CE261DAFD000CB832F /* GBShop */;
			targetProxy = FE13D268261DF94E00CB832F /* PBXContainerItemProxy */;
		};
/* End PBXTargetDependency section */

/* Begin PBXVariantGroup section */
		FE13D1DD261DAFD300CB832F /* LaunchScreen.storyboard */ = {
			isa = PBXVariantGroup;
			children = (
				FE13D1DE261DAFD300CB832F /* Base */,
			);
			name = LaunchScreen.storyboard;
			sourceTree = "<group>";
		};
/* End PBXVariantGroup section */

/* Begin XCBuildConfiguration section */
		FE13D1F7261DAFD300CB832F /* Debug */ = {
			isa = XCBuildConfiguration;
			buildSettings = {
				ALWAYS_SEARCH_USER_PATHS = NO;
				CLANG_ANALYZER_NONNULL = YES;
				CLANG_ANALYZER_NUMBER_OBJECT_CONVERSION = YES_AGGRESSIVE;
				CLANG_CXX_LANGUAGE_STANDARD = "gnu++14";
				CLANG_CXX_LIBRARY = "libc++";
				CLANG_ENABLE_MODULES = YES;
				CLANG_ENABLE_OBJC_ARC = YES;
				CLANG_ENABLE_OBJC_WEAK = YES;
				CLANG_WARN_BLOCK_CAPTURE_AUTORELEASING = YES;
				CLANG_WARN_BOOL_CONVERSION = YES;
				CLANG_WARN_COMMA = YES;
				CLANG_WARN_CONSTANT_CONVERSION = YES;
				CLANG_WARN_DEPRECATED_OBJC_IMPLEMENTATIONS = YES;
				CLANG_WARN_DIRECT_OBJC_ISA_USAGE = YES_ERROR;
				CLANG_WARN_DOCUMENTATION_COMMENTS = YES;
				CLANG_WARN_EMPTY_BODY = YES;
				CLANG_WARN_ENUM_CONVERSION = YES;
				CLANG_WARN_INFINITE_RECURSION = YES;
				CLANG_WARN_INT_CONVERSION = YES;
				CLANG_WARN_NON_LITERAL_NULL_CONVERSION = YES;
				CLANG_WARN_OBJC_IMPLICIT_RETAIN_SELF = YES;
				CLANG_WARN_OBJC_LITERAL_CONVERSION = YES;
				CLANG_WARN_OBJC_ROOT_CLASS = YES_ERROR;
				CLANG_WARN_QUOTED_INCLUDE_IN_FRAMEWORK_HEADER = YES;
				CLANG_WARN_RANGE_LOOP_ANALYSIS = YES;
				CLANG_WARN_STRICT_PROTOTYPES = YES;
				CLANG_WARN_SUSPICIOUS_MOVE = YES;
				CLANG_WARN_UNGUARDED_AVAILABILITY = YES_AGGRESSIVE;
				CLANG_WARN_UNREACHABLE_CODE = YES;
				CLANG_WARN__DUPLICATE_METHOD_MATCH = YES;
				COPY_PHASE_STRIP = NO;
				DEBUG_INFORMATION_FORMAT = dwarf;
				ENABLE_STRICT_OBJC_MSGSEND = YES;
				ENABLE_TESTABILITY = YES;
				GCC_C_LANGUAGE_STANDARD = gnu11;
				GCC_DYNAMIC_NO_PIC = NO;
				GCC_NO_COMMON_BLOCKS = YES;
				GCC_OPTIMIZATION_LEVEL = 0;
				GCC_PREPROCESSOR_DEFINITIONS = (
					"DEBUG=1",
					"$(inherited)",
				);
				GCC_WARN_64_TO_32_BIT_CONVERSION = YES;
				GCC_WARN_ABOUT_RETURN_TYPE = YES_ERROR;
				GCC_WARN_UNDECLARED_SELECTOR = YES;
				GCC_WARN_UNINITIALIZED_AUTOS = YES_AGGRESSIVE;
				GCC_WARN_UNUSED_FUNCTION = YES;
				GCC_WARN_UNUSED_VARIABLE = YES;
				IPHONEOS_DEPLOYMENT_TARGET = 14.2;
				MTL_ENABLE_DEBUG_INFO = INCLUDE_SOURCE;
				MTL_FAST_MATH = YES;
				ONLY_ACTIVE_ARCH = YES;
				SDKROOT = iphoneos;
				SWIFT_ACTIVE_COMPILATION_CONDITIONS = DEBUG;
				SWIFT_OPTIMIZATION_LEVEL = "-Onone";
			};
			name = Debug;
		};
		FE13D1F8261DAFD300CB832F /* Release */ = {
			isa = XCBuildConfiguration;
			buildSettings = {
				ALWAYS_SEARCH_USER_PATHS = NO;
				CLANG_ANALYZER_NONNULL = YES;
				CLANG_ANALYZER_NUMBER_OBJECT_CONVERSION = YES_AGGRESSIVE;
				CLANG_CXX_LANGUAGE_STANDARD = "gnu++14";
				CLANG_CXX_LIBRARY = "libc++";
				CLANG_ENABLE_MODULES = YES;
				CLANG_ENABLE_OBJC_ARC = YES;
				CLANG_ENABLE_OBJC_WEAK = YES;
				CLANG_WARN_BLOCK_CAPTURE_AUTORELEASING = YES;
				CLANG_WARN_BOOL_CONVERSION = YES;
				CLANG_WARN_COMMA = YES;
				CLANG_WARN_CONSTANT_CONVERSION = YES;
				CLANG_WARN_DEPRECATED_OBJC_IMPLEMENTATIONS = YES;
				CLANG_WARN_DIRECT_OBJC_ISA_USAGE = YES_ERROR;
				CLANG_WARN_DOCUMENTATION_COMMENTS = YES;
				CLANG_WARN_EMPTY_BODY = YES;
				CLANG_WARN_ENUM_CONVERSION = YES;
				CLANG_WARN_INFINITE_RECURSION = YES;
				CLANG_WARN_INT_CONVERSION = YES;
				CLANG_WARN_NON_LITERAL_NULL_CONVERSION = YES;
				CLANG_WARN_OBJC_IMPLICIT_RETAIN_SELF = YES;
				CLANG_WARN_OBJC_LITERAL_CONVERSION = YES;
				CLANG_WARN_OBJC_ROOT_CLASS = YES_ERROR;
				CLANG_WARN_QUOTED_INCLUDE_IN_FRAMEWORK_HEADER = YES;
				CLANG_WARN_RANGE_LOOP_ANALYSIS = YES;
				CLANG_WARN_STRICT_PROTOTYPES = YES;
				CLANG_WARN_SUSPICIOUS_MOVE = YES;
				CLANG_WARN_UNGUARDED_AVAILABILITY = YES_AGGRESSIVE;
				CLANG_WARN_UNREACHABLE_CODE = YES;
				CLANG_WARN__DUPLICATE_METHOD_MATCH = YES;
				COPY_PHASE_STRIP = NO;
				DEBUG_INFORMATION_FORMAT = "dwarf-with-dsym";
				ENABLE_NS_ASSERTIONS = NO;
				ENABLE_STRICT_OBJC_MSGSEND = YES;
				GCC_C_LANGUAGE_STANDARD = gnu11;
				GCC_NO_COMMON_BLOCKS = YES;
				GCC_WARN_64_TO_32_BIT_CONVERSION = YES;
				GCC_WARN_ABOUT_RETURN_TYPE = YES_ERROR;
				GCC_WARN_UNDECLARED_SELECTOR = YES;
				GCC_WARN_UNINITIALIZED_AUTOS = YES_AGGRESSIVE;
				GCC_WARN_UNUSED_FUNCTION = YES;
				GCC_WARN_UNUSED_VARIABLE = YES;
				IPHONEOS_DEPLOYMENT_TARGET = 14.2;
				MTL_ENABLE_DEBUG_INFO = NO;
				MTL_FAST_MATH = YES;
				SDKROOT = iphoneos;
				SWIFT_COMPILATION_MODE = wholemodule;
				SWIFT_OPTIMIZATION_LEVEL = "-O";
				VALIDATE_PRODUCT = YES;
			};
			name = Release;
		};
		FE13D1FA261DAFD300CB832F /* Debug */ = {
			isa = XCBuildConfiguration;
			baseConfigurationReference = 3B562DA77308C623C040D698 /* Pods-GBShop.debug.xcconfig */;
			buildSettings = {
				ASSETCATALOG_COMPILER_APPICON_NAME = AppIcon;
				ASSETCATALOG_COMPILER_GLOBAL_ACCENT_COLOR_NAME = AccentColor;
				CODE_SIGN_STYLE = Automatic;
				INFOPLIST_FILE = GBShop/Environments/Info.plist;
				LD_RUNPATH_SEARCH_PATHS = (
					"$(inherited)",
					"@executable_path/Frameworks",
				);
				PRODUCT_BUNDLE_IDENTIFIER = Alla.GBShop;
				PRODUCT_NAME = "$(TARGET_NAME)";
				SWIFT_VERSION = 5.0;
				TARGETED_DEVICE_FAMILY = "1,2";
			};
			name = Debug;
		};
		FE13D1FB261DAFD300CB832F /* Release */ = {
			isa = XCBuildConfiguration;
			baseConfigurationReference = 29BE19AD814F3B9A76987CF1 /* Pods-GBShop.release.xcconfig */;
			buildSettings = {
				ASSETCATALOG_COMPILER_APPICON_NAME = AppIcon;
				ASSETCATALOG_COMPILER_GLOBAL_ACCENT_COLOR_NAME = AccentColor;
				CODE_SIGN_STYLE = Automatic;
				INFOPLIST_FILE = GBShop/Environments/Info.plist;
				LD_RUNPATH_SEARCH_PATHS = (
					"$(inherited)",
					"@executable_path/Frameworks",
				);
				PRODUCT_BUNDLE_IDENTIFIER = Alla.GBShop;
				PRODUCT_NAME = "$(TARGET_NAME)";
				SWIFT_VERSION = 5.0;
				TARGETED_DEVICE_FAMILY = "1,2";
			};
			name = Release;
		};
		FE13D1FD261DAFD300CB832F /* Debug */ = {
			isa = XCBuildConfiguration;
			baseConfigurationReference = 64A29F4005DD6B171588BCD6 /* Pods-GBShopTests.debug.xcconfig */;
			buildSettings = {
				ALWAYS_EMBED_SWIFT_STANDARD_LIBRARIES = YES;
				BUNDLE_LOADER = "$(TEST_HOST)";
				CODE_SIGN_STYLE = Automatic;
				INFOPLIST_FILE = GBShopTests/Info.plist;
				IPHONEOS_DEPLOYMENT_TARGET = 14.2;
				LD_RUNPATH_SEARCH_PATHS = (
					"$(inherited)",
					"@executable_path/Frameworks",
					"@loader_path/Frameworks",
				);
				PRODUCT_BUNDLE_IDENTIFIER = Alla.GBShopTests;
				PRODUCT_NAME = "$(TARGET_NAME)";
				SWIFT_VERSION = 5.0;
				TARGETED_DEVICE_FAMILY = "1,2";
				TEST_HOST = "$(BUILT_PRODUCTS_DIR)/GBShop.app/GBShop";
			};
			name = Debug;
		};
		FE13D1FE261DAFD300CB832F /* Release */ = {
			isa = XCBuildConfiguration;
			baseConfigurationReference = B9D66C37EC6732D79D41C95A /* Pods-GBShopTests.release.xcconfig */;
			buildSettings = {
				ALWAYS_EMBED_SWIFT_STANDARD_LIBRARIES = YES;
				BUNDLE_LOADER = "$(TEST_HOST)";
				CODE_SIGN_STYLE = Automatic;
				INFOPLIST_FILE = GBShopTests/Info.plist;
				IPHONEOS_DEPLOYMENT_TARGET = 14.2;
				LD_RUNPATH_SEARCH_PATHS = (
					"$(inherited)",
					"@executable_path/Frameworks",
					"@loader_path/Frameworks",
				);
				PRODUCT_BUNDLE_IDENTIFIER = Alla.GBShopTests;
				PRODUCT_NAME = "$(TARGET_NAME)";
				SWIFT_VERSION = 5.0;
				TARGETED_DEVICE_FAMILY = "1,2";
				TEST_HOST = "$(BUILT_PRODUCTS_DIR)/GBShop.app/GBShop";
			};
			name = Release;
		};
		FE13D200261DAFD300CB832F /* Debug */ = {
			isa = XCBuildConfiguration;
			baseConfigurationReference = 3FB0B4A76108B8CFBD0156FA /* Pods-GBShop-GBShopUITests.debug.xcconfig */;
			buildSettings = {
				ALWAYS_EMBED_SWIFT_STANDARD_LIBRARIES = YES;
				CODE_SIGN_STYLE = Automatic;
				INFOPLIST_FILE = GBShopUITests/Info.plist;
				LD_RUNPATH_SEARCH_PATHS = (
					"$(inherited)",
					"@executable_path/Frameworks",
					"@loader_path/Frameworks",
				);
				PRODUCT_BUNDLE_IDENTIFIER = Alla.GBShopUITests;
				PRODUCT_NAME = "$(TARGET_NAME)";
				SWIFT_VERSION = 5.0;
				TARGETED_DEVICE_FAMILY = "1,2";
				TEST_TARGET_NAME = GBShop;
			};
			name = Debug;
		};
		FE13D201261DAFD300CB832F /* Release */ = {
			isa = XCBuildConfiguration;
			baseConfigurationReference = 12A2941AF1F01A68DB678227 /* Pods-GBShop-GBShopUITests.release.xcconfig */;
			buildSettings = {
				ALWAYS_EMBED_SWIFT_STANDARD_LIBRARIES = YES;
				CODE_SIGN_STYLE = Automatic;
				INFOPLIST_FILE = GBShopUITests/Info.plist;
				LD_RUNPATH_SEARCH_PATHS = (
					"$(inherited)",
					"@executable_path/Frameworks",
					"@loader_path/Frameworks",
				);
				PRODUCT_BUNDLE_IDENTIFIER = Alla.GBShopUITests;
				PRODUCT_NAME = "$(TARGET_NAME)";
				SWIFT_VERSION = 5.0;
				TARGETED_DEVICE_FAMILY = "1,2";
				TEST_TARGET_NAME = GBShop;
			};
			name = Release;
		};
/* End XCBuildConfiguration section */

/* Begin XCConfigurationList section */
		FE13D1CA261DAFD000CB832F /* Build configuration list for PBXProject "GBShop" */ = {
			isa = XCConfigurationList;
			buildConfigurations = (
				FE13D1F7261DAFD300CB832F /* Debug */,
				FE13D1F8261DAFD300CB832F /* Release */,
			);
			defaultConfigurationIsVisible = 0;
			defaultConfigurationName = Release;
		};
		FE13D1F9261DAFD300CB832F /* Build configuration list for PBXNativeTarget "GBShop" */ = {
			isa = XCConfigurationList;
			buildConfigurations = (
				FE13D1FA261DAFD300CB832F /* Debug */,
				FE13D1FB261DAFD300CB832F /* Release */,
			);
			defaultConfigurationIsVisible = 0;
			defaultConfigurationName = Release;
		};
		FE13D1FC261DAFD300CB832F /* Build configuration list for PBXNativeTarget "GBShopTests" */ = {
			isa = XCConfigurationList;
			buildConfigurations = (
				FE13D1FD261DAFD300CB832F /* Debug */,
				FE13D1FE261DAFD300CB832F /* Release */,
			);
			defaultConfigurationIsVisible = 0;
			defaultConfigurationName = Release;
		};
		FE13D1FF261DAFD300CB832F /* Build configuration list for PBXNativeTarget "GBShopUITests" */ = {
			isa = XCConfigurationList;
			buildConfigurations = (
				FE13D200261DAFD300CB832F /* Debug */,
				FE13D201261DAFD300CB832F /* Release */,
			);
			defaultConfigurationIsVisible = 0;
			defaultConfigurationName = Release;
		};
/* End XCConfigurationList section */
	};
	rootObject = FE13D1C7261DAFD000CB832F /* Project object */;
}
